// !$*UTF8*$!
{
	archiveVersion = 1;
	classes = {
	};
	objectVersion = 46;
	objects = {

/* Begin PBXBuildFile section */
		1EFC67A7709CC45D539820BA /* Pods_OddJobs.framework in Frameworks */ = {isa = PBXBuildFile; fileRef = DD37B9102EF326B03F2143EA /* Pods_OddJobs.framework */; };
		59BD5F61244358ADC8A6C517 /* Pods_OddJobsTests.framework in Frameworks */ = {isa = PBXBuildFile; fileRef = FA70B562AD67A94CADEC2D96 /* Pods_OddJobsTests.framework */; };
		8628C3941F226A3F007BE519 /* CustomSearchBar.swift in Sources */ = {isa = PBXBuildFile; fileRef = 8628C3931F226A3F007BE519 /* CustomSearchBar.swift */; };
		8628C3961F227D26007BE519 /* CustomSearchController.swift in Sources */ = {isa = PBXBuildFile; fileRef = 8628C3951F227D26007BE519 /* CustomSearchController.swift */; };
		86947B8F1F169F4100BD708F /* TopTableViewCell.swift in Sources */ = {isa = PBXBuildFile; fileRef = 86947B8E1F169F4100BD708F /* TopTableViewCell.swift */; };
		86947B911F169F6F00BD708F /* UserJobsTableViewCell.swift in Sources */ = {isa = PBXBuildFile; fileRef = 86947B901F169F6F00BD708F /* UserJobsTableViewCell.swift */; };
		86C8F90B1F1D571F00228818 /* DetailViewController.swift in Sources */ = {isa = PBXBuildFile; fileRef = 86C8F90A1F1D571F00228818 /* DetailViewController.swift */; };
		86C8F9111F1FF43C00228818 /* TagsRowTableViewCell.swift in Sources */ = {isa = PBXBuildFile; fileRef = 86C8F9101F1FF43C00228818 /* TagsRowTableViewCell.swift */; };
		86C8F9131F1FF50C00228818 /* TagsCollectionViewCell.swift in Sources */ = {isa = PBXBuildFile; fileRef = 86C8F9121F1FF50C00228818 /* TagsCollectionViewCell.swift */; };
		982965471F1D2DB900C18FA8 /* NearbyWorkersViewController.swift in Sources */ = {isa = PBXBuildFile; fileRef = 982965461F1D2DB900C18FA8 /* NearbyWorkersViewController.swift */; };
		982965491F1D308C00C18FA8 /* WorkersTableViewCell.swift in Sources */ = {isa = PBXBuildFile; fileRef = 982965481F1D308C00C18FA8 /* WorkersTableViewCell.swift */; };
		984C684D1F16AC5A00FB4AE4 /* TagsTableViewController.swift in Sources */ = {isa = PBXBuildFile; fileRef = 984C684C1F16AC5A00FB4AE4 /* TagsTableViewController.swift */; };
		984C684F1F16ACEB00FB4AE4 /* TagTableViewCell.swift in Sources */ = {isa = PBXBuildFile; fileRef = 984C684E1F16ACEB00FB4AE4 /* TagTableViewCell.swift */; };
		985E766F1F1D46EC00F87E2B /* EditProfileViewController.swift in Sources */ = {isa = PBXBuildFile; fileRef = 985E766E1F1D46EC00F87E2B /* EditProfileViewController.swift */; };
		985E76711F1ECC7100F87E2B /* NotificationsViewController.swift in Sources */ = {isa = PBXBuildFile; fileRef = 985E76701F1ECC7100F87E2B /* NotificationsViewController.swift */; };
		985E76731F1EDCA800F87E2B /* NotificationCell.swift in Sources */ = {isa = PBXBuildFile; fileRef = 985E76721F1EDCA800F87E2B /* NotificationCell.swift */; };
		985E76751F1FDA8A00F87E2B /* PendingJobsCell.swift in Sources */ = {isa = PBXBuildFile; fileRef = 985E76741F1FDA8A00F87E2B /* PendingJobsCell.swift */; };
		98AC28361F181121000CD55E /* GMSAutocompleteResultsViewController.swift in Sources */ = {isa = PBXBuildFile; fileRef = 98AC28351F181121000CD55E /* GMSAutocompleteResultsViewController.swift */; };
		A24F4C58C490B6BCA558A27F /* Pods_OddJobsUITests.framework in Frameworks */ = {isa = PBXBuildFile; fileRef = A750202E8DAEC92952CAA736 /* Pods_OddJobsUITests.framework */; };
		A907D0041F1422D10069B7E7 /* AppDelegate.swift in Sources */ = {isa = PBXBuildFile; fileRef = A907D0031F1422D10069B7E7 /* AppDelegate.swift */; };
		A907D0091F1422D10069B7E7 /* Main.storyboard in Resources */ = {isa = PBXBuildFile; fileRef = A907D0071F1422D10069B7E7 /* Main.storyboard */; };
		A907D00B1F1422D10069B7E7 /* Assets.xcassets in Resources */ = {isa = PBXBuildFile; fileRef = A907D00A1F1422D10069B7E7 /* Assets.xcassets */; };
		A907D00E1F1422D10069B7E7 /* LaunchScreen.storyboard in Resources */ = {isa = PBXBuildFile; fileRef = A907D00C1F1422D10069B7E7 /* LaunchScreen.storyboard */; };
		A907D0191F1422D10069B7E7 /* OddJobsTests.swift in Sources */ = {isa = PBXBuildFile; fileRef = A907D0181F1422D10069B7E7 /* OddJobsTests.swift */; };
		A907D0241F1422D10069B7E7 /* OddJobsUITests.swift in Sources */ = {isa = PBXBuildFile; fileRef = A907D0231F1422D10069B7E7 /* OddJobsUITests.swift */; };
		A907D0321F1425C60069B7E7 /* LoginViewController.swift in Sources */ = {isa = PBXBuildFile; fileRef = A907D0311F1425C60069B7E7 /* LoginViewController.swift */; };
		A92EB4891F159EEA00EB77E8 /* ProfileViewController.swift in Sources */ = {isa = PBXBuildFile; fileRef = A92EB4881F159EEA00EB77E8 /* ProfileViewController.swift */; };
		A92EB48B1F159EF400EB77E8 /* PostViewController.swift in Sources */ = {isa = PBXBuildFile; fileRef = A92EB48A1F159EF400EB77E8 /* PostViewController.swift */; };
		A92EB48D1F159F0000EB77E8 /* HomeFeedViewController.swift in Sources */ = {isa = PBXBuildFile; fileRef = A92EB48C1F159F0000EB77E8 /* HomeFeedViewController.swift */; };
		A92EB4921F159F4900EB77E8 /* Job.swift in Sources */ = {isa = PBXBuildFile; fileRef = A92EB4911F159F4900EB77E8 /* Job.swift */; };
		A9545C2F1F2017EC0064E61D /* SignUpViewController.swift in Sources */ = {isa = PBXBuildFile; fileRef = A9545C2E1F2017EC0064E61D /* SignUpViewController.swift */; };
		A972FBEF1F1693B600446EAC /* HomeFeedTableViewCell.swift in Sources */ = {isa = PBXBuildFile; fileRef = A972FBEE1F1693B600446EAC /* HomeFeedTableViewCell.swift */; };
		A98D258C1F1D438100C4A9C2 /* MapsViewController.swift in Sources */ = {isa = PBXBuildFile; fileRef = A98D258B1F1D438100C4A9C2 /* MapsViewController.swift */; };
/* End PBXBuildFile section */

/* Begin PBXContainerItemProxy section */
		A907D0151F1422D10069B7E7 /* PBXContainerItemProxy */ = {
			isa = PBXContainerItemProxy;
			containerPortal = A907CFF81F1422D10069B7E7 /* Project object */;
			proxyType = 1;
			remoteGlobalIDString = A907CFFF1F1422D10069B7E7;
			remoteInfo = OddJobs;
		};
		A907D0201F1422D10069B7E7 /* PBXContainerItemProxy */ = {
			isa = PBXContainerItemProxy;
			containerPortal = A907CFF81F1422D10069B7E7 /* Project object */;
			proxyType = 1;
			remoteGlobalIDString = A907CFFF1F1422D10069B7E7;
			remoteInfo = OddJobs;
		};
/* End PBXContainerItemProxy section */

/* Begin PBXFileReference section */
		1649AE21358B760863E7A315 /* Pods-OddJobsTests.debug.xcconfig */ = {isa = PBXFileReference; includeInIndex = 1; lastKnownFileType = text.xcconfig; name = "Pods-OddJobsTests.debug.xcconfig"; path = "Pods/Target Support Files/Pods-OddJobsTests/Pods-OddJobsTests.debug.xcconfig"; sourceTree = "<group>"; };
		549566E4FE79AC2C03C02330 /* Pods-OddJobs.release.xcconfig */ = {isa = PBXFileReference; includeInIndex = 1; lastKnownFileType = text.xcconfig; name = "Pods-OddJobs.release.xcconfig"; path = "Pods/Target Support Files/Pods-OddJobs/Pods-OddJobs.release.xcconfig"; sourceTree = "<group>"; };
		709DDE1AF86938BC25A2FAC9 /* Pods-OddJobsTests.release.xcconfig */ = {isa = PBXFileReference; includeInIndex = 1; lastKnownFileType = text.xcconfig; name = "Pods-OddJobsTests.release.xcconfig"; path = "Pods/Target Support Files/Pods-OddJobsTests/Pods-OddJobsTests.release.xcconfig"; sourceTree = "<group>"; };
		8628C3931F226A3F007BE519 /* CustomSearchBar.swift */ = {isa = PBXFileReference; fileEncoding = 4; lastKnownFileType = sourcecode.swift; path = CustomSearchBar.swift; sourceTree = "<group>"; };
		8628C3951F227D26007BE519 /* CustomSearchController.swift */ = {isa = PBXFileReference; fileEncoding = 4; lastKnownFileType = sourcecode.swift; path = CustomSearchController.swift; sourceTree = "<group>"; };
		86947B8E1F169F4100BD708F /* TopTableViewCell.swift */ = {isa = PBXFileReference; fileEncoding = 4; lastKnownFileType = sourcecode.swift; path = TopTableViewCell.swift; sourceTree = "<group>"; };
		86947B901F169F6F00BD708F /* UserJobsTableViewCell.swift */ = {isa = PBXFileReference; fileEncoding = 4; lastKnownFileType = sourcecode.swift; path = UserJobsTableViewCell.swift; sourceTree = "<group>"; };
		86C8F90A1F1D571F00228818 /* DetailViewController.swift */ = {isa = PBXFileReference; fileEncoding = 4; lastKnownFileType = sourcecode.swift; path = DetailViewController.swift; sourceTree = "<group>"; };
		86C8F9101F1FF43C00228818 /* TagsRowTableViewCell.swift */ = {isa = PBXFileReference; fileEncoding = 4; lastKnownFileType = sourcecode.swift; path = TagsRowTableViewCell.swift; sourceTree = "<group>"; };
		86C8F9121F1FF50C00228818 /* TagsCollectionViewCell.swift */ = {isa = PBXFileReference; fileEncoding = 4; lastKnownFileType = sourcecode.swift; path = TagsCollectionViewCell.swift; sourceTree = "<group>"; };
		92D75CC1075FA661748BD749 /* Pods-OddJobsUITests.debug.xcconfig */ = {isa = PBXFileReference; includeInIndex = 1; lastKnownFileType = text.xcconfig; name = "Pods-OddJobsUITests.debug.xcconfig"; path = "Pods/Target Support Files/Pods-OddJobsUITests/Pods-OddJobsUITests.debug.xcconfig"; sourceTree = "<group>"; };
		982965461F1D2DB900C18FA8 /* NearbyWorkersViewController.swift */ = {isa = PBXFileReference; fileEncoding = 4; lastKnownFileType = sourcecode.swift; path = NearbyWorkersViewController.swift; sourceTree = "<group>"; };
		982965481F1D308C00C18FA8 /* WorkersTableViewCell.swift */ = {isa = PBXFileReference; fileEncoding = 4; lastKnownFileType = sourcecode.swift; path = WorkersTableViewCell.swift; sourceTree = "<group>"; };
		984C684C1F16AC5A00FB4AE4 /* TagsTableViewController.swift */ = {isa = PBXFileReference; fileEncoding = 4; lastKnownFileType = sourcecode.swift; path = TagsTableViewController.swift; sourceTree = "<group>"; };
		984C684E1F16ACEB00FB4AE4 /* TagTableViewCell.swift */ = {isa = PBXFileReference; fileEncoding = 4; lastKnownFileType = sourcecode.swift; path = TagTableViewCell.swift; sourceTree = "<group>"; };
		985E766E1F1D46EC00F87E2B /* EditProfileViewController.swift */ = {isa = PBXFileReference; fileEncoding = 4; lastKnownFileType = sourcecode.swift; path = EditProfileViewController.swift; sourceTree = "<group>"; };
		985E76701F1ECC7100F87E2B /* NotificationsViewController.swift */ = {isa = PBXFileReference; fileEncoding = 4; lastKnownFileType = sourcecode.swift; path = NotificationsViewController.swift; sourceTree = "<group>"; };
		985E76721F1EDCA800F87E2B /* NotificationCell.swift */ = {isa = PBXFileReference; fileEncoding = 4; lastKnownFileType = sourcecode.swift; path = NotificationCell.swift; sourceTree = "<group>"; };
		985E76741F1FDA8A00F87E2B /* PendingJobsCell.swift */ = {isa = PBXFileReference; fileEncoding = 4; lastKnownFileType = sourcecode.swift; path = PendingJobsCell.swift; sourceTree = "<group>"; };
		98AC28351F181121000CD55E /* GMSAutocompleteResultsViewController.swift */ = {isa = PBXFileReference; fileEncoding = 4; lastKnownFileType = sourcecode.swift; path = GMSAutocompleteResultsViewController.swift; sourceTree = "<group>"; };
		9E03042526A246236E533EAF /* Pods-OddJobs.debug.xcconfig */ = {isa = PBXFileReference; includeInIndex = 1; lastKnownFileType = text.xcconfig; name = "Pods-OddJobs.debug.xcconfig"; path = "Pods/Target Support Files/Pods-OddJobs/Pods-OddJobs.debug.xcconfig"; sourceTree = "<group>"; };
		A750202E8DAEC92952CAA736 /* Pods_OddJobsUITests.framework */ = {isa = PBXFileReference; explicitFileType = wrapper.framework; includeInIndex = 0; path = Pods_OddJobsUITests.framework; sourceTree = BUILT_PRODUCTS_DIR; };
		A907D0001F1422D10069B7E7 /* OddJobs.app */ = {isa = PBXFileReference; explicitFileType = wrapper.application; includeInIndex = 0; path = OddJobs.app; sourceTree = BUILT_PRODUCTS_DIR; };
		A907D0031F1422D10069B7E7 /* AppDelegate.swift */ = {isa = PBXFileReference; lastKnownFileType = sourcecode.swift; path = AppDelegate.swift; sourceTree = "<group>"; };
		A907D0081F1422D10069B7E7 /* Base */ = {isa = PBXFileReference; lastKnownFileType = file.storyboard; name = Base; path = Base.lproj/Main.storyboard; sourceTree = "<group>"; };
		A907D00A1F1422D10069B7E7 /* Assets.xcassets */ = {isa = PBXFileReference; lastKnownFileType = folder.assetcatalog; path = Assets.xcassets; sourceTree = "<group>"; };
		A907D00D1F1422D10069B7E7 /* Base */ = {isa = PBXFileReference; lastKnownFileType = file.storyboard; name = Base; path = Base.lproj/LaunchScreen.storyboard; sourceTree = "<group>"; };
		A907D00F1F1422D10069B7E7 /* Info.plist */ = {isa = PBXFileReference; lastKnownFileType = text.plist.xml; path = Info.plist; sourceTree = "<group>"; };
		A907D0141F1422D10069B7E7 /* OddJobsTests.xctest */ = {isa = PBXFileReference; explicitFileType = wrapper.cfbundle; includeInIndex = 0; path = OddJobsTests.xctest; sourceTree = BUILT_PRODUCTS_DIR; };
		A907D0181F1422D10069B7E7 /* OddJobsTests.swift */ = {isa = PBXFileReference; lastKnownFileType = sourcecode.swift; path = OddJobsTests.swift; sourceTree = "<group>"; };
		A907D01A1F1422D10069B7E7 /* Info.plist */ = {isa = PBXFileReference; lastKnownFileType = text.plist.xml; path = Info.plist; sourceTree = "<group>"; };
		A907D01F1F1422D10069B7E7 /* OddJobsUITests.xctest */ = {isa = PBXFileReference; explicitFileType = wrapper.cfbundle; includeInIndex = 0; path = OddJobsUITests.xctest; sourceTree = BUILT_PRODUCTS_DIR; };
		A907D0231F1422D10069B7E7 /* OddJobsUITests.swift */ = {isa = PBXFileReference; lastKnownFileType = sourcecode.swift; path = OddJobsUITests.swift; sourceTree = "<group>"; };
		A907D0251F1422D10069B7E7 /* Info.plist */ = {isa = PBXFileReference; lastKnownFileType = text.plist.xml; path = Info.plist; sourceTree = "<group>"; };
		A907D0311F1425C60069B7E7 /* LoginViewController.swift */ = {isa = PBXFileReference; fileEncoding = 4; lastKnownFileType = sourcecode.swift; path = LoginViewController.swift; sourceTree = "<group>"; };
		A92EB4881F159EEA00EB77E8 /* ProfileViewController.swift */ = {isa = PBXFileReference; fileEncoding = 4; lastKnownFileType = sourcecode.swift; path = ProfileViewController.swift; sourceTree = "<group>"; };
		A92EB48A1F159EF400EB77E8 /* PostViewController.swift */ = {isa = PBXFileReference; fileEncoding = 4; lastKnownFileType = sourcecode.swift; path = PostViewController.swift; sourceTree = "<group>"; };
		A92EB48C1F159F0000EB77E8 /* HomeFeedViewController.swift */ = {isa = PBXFileReference; fileEncoding = 4; lastKnownFileType = sourcecode.swift; path = HomeFeedViewController.swift; sourceTree = "<group>"; };
		A92EB4911F159F4900EB77E8 /* Job.swift */ = {isa = PBXFileReference; fileEncoding = 4; lastKnownFileType = sourcecode.swift; path = Job.swift; sourceTree = "<group>"; };
		A9545C2E1F2017EC0064E61D /* SignUpViewController.swift */ = {isa = PBXFileReference; fileEncoding = 4; lastKnownFileType = sourcecode.swift; path = SignUpViewController.swift; sourceTree = "<group>"; };
		A972FBEE1F1693B600446EAC /* HomeFeedTableViewCell.swift */ = {isa = PBXFileReference; fileEncoding = 4; lastKnownFileType = sourcecode.swift; path = HomeFeedTableViewCell.swift; sourceTree = "<group>"; };
		A98D258B1F1D438100C4A9C2 /* MapsViewController.swift */ = {isa = PBXFileReference; fileEncoding = 4; lastKnownFileType = sourcecode.swift; path = MapsViewController.swift; sourceTree = "<group>"; };
		AB942B23DE191E8065E74075 /* Pods-OddJobsUITests.release.xcconfig */ = {isa = PBXFileReference; includeInIndex = 1; lastKnownFileType = text.xcconfig; name = "Pods-OddJobsUITests.release.xcconfig"; path = "Pods/Target Support Files/Pods-OddJobsUITests/Pods-OddJobsUITests.release.xcconfig"; sourceTree = "<group>"; };
		DD37B9102EF326B03F2143EA /* Pods_OddJobs.framework */ = {isa = PBXFileReference; explicitFileType = wrapper.framework; includeInIndex = 0; path = Pods_OddJobs.framework; sourceTree = BUILT_PRODUCTS_DIR; };
		FA70B562AD67A94CADEC2D96 /* Pods_OddJobsTests.framework */ = {isa = PBXFileReference; explicitFileType = wrapper.framework; includeInIndex = 0; path = Pods_OddJobsTests.framework; sourceTree = BUILT_PRODUCTS_DIR; };
/* End PBXFileReference section */

/* Begin PBXFrameworksBuildPhase section */
		A907CFFD1F1422D10069B7E7 /* Frameworks */ = {
			isa = PBXFrameworksBuildPhase;
			buildActionMask = 2147483647;
			files = (
				1EFC67A7709CC45D539820BA /* Pods_OddJobs.framework in Frameworks */,
			);
			runOnlyForDeploymentPostprocessing = 0;
		};
		A907D0111F1422D10069B7E7 /* Frameworks */ = {
			isa = PBXFrameworksBuildPhase;
			buildActionMask = 2147483647;
			files = (
				59BD5F61244358ADC8A6C517 /* Pods_OddJobsTests.framework in Frameworks */,
			);
			runOnlyForDeploymentPostprocessing = 0;
		};
		A907D01C1F1422D10069B7E7 /* Frameworks */ = {
			isa = PBXFrameworksBuildPhase;
			buildActionMask = 2147483647;
			files = (
				A24F4C58C490B6BCA558A27F /* Pods_OddJobsUITests.framework in Frameworks */,
			);
			runOnlyForDeploymentPostprocessing = 0;
		};
/* End PBXFrameworksBuildPhase section */

/* Begin PBXGroup section */
		5DAFFF0E85820F4A3EE98895 /* Pods */ = {
			isa = PBXGroup;
			children = (
				9E03042526A246236E533EAF /* Pods-OddJobs.debug.xcconfig */,
				549566E4FE79AC2C03C02330 /* Pods-OddJobs.release.xcconfig */,
				1649AE21358B760863E7A315 /* Pods-OddJobsTests.debug.xcconfig */,
				709DDE1AF86938BC25A2FAC9 /* Pods-OddJobsTests.release.xcconfig */,
				92D75CC1075FA661748BD749 /* Pods-OddJobsUITests.debug.xcconfig */,
				AB942B23DE191E8065E74075 /* Pods-OddJobsUITests.release.xcconfig */,
			);
			name = Pods;
			sourceTree = "<group>";
		};
		874E5EE1FAB526F84EF99DEE /* Frameworks */ = {
			isa = PBXGroup;
			children = (
				DD37B9102EF326B03F2143EA /* Pods_OddJobs.framework */,
				FA70B562AD67A94CADEC2D96 /* Pods_OddJobsTests.framework */,
				A750202E8DAEC92952CAA736 /* Pods_OddJobsUITests.framework */,
			);
			name = Frameworks;
			sourceTree = "<group>";
		};
		A907CFF71F1422D10069B7E7 = {
			isa = PBXGroup;
			children = (
				A907D0071F1422D10069B7E7 /* Main.storyboard */,
				A907D0021F1422D10069B7E7 /* OddJobs */,
				A907D0171F1422D10069B7E7 /* OddJobsTests */,
				A907D0221F1422D10069B7E7 /* OddJobsUITests */,
				A907D0011F1422D10069B7E7 /* Products */,
				5DAFFF0E85820F4A3EE98895 /* Pods */,
				874E5EE1FAB526F84EF99DEE /* Frameworks */,
			);
			sourceTree = "<group>";
		};
		A907D0011F1422D10069B7E7 /* Products */ = {
			isa = PBXGroup;
			children = (
				A907D0001F1422D10069B7E7 /* OddJobs.app */,
				A907D0141F1422D10069B7E7 /* OddJobsTests.xctest */,
				A907D01F1F1422D10069B7E7 /* OddJobsUITests.xctest */,
			);
			name = Products;
			sourceTree = "<group>";
		};
		A907D0021F1422D10069B7E7 /* OddJobs */ = {
			isa = PBXGroup;
			children = (
				A907D0031F1422D10069B7E7 /* AppDelegate.swift */,
				A9B3E46D1F16DBB500FBD21E /* Views */,
				A92EB4901F159F3A00EB77E8 /* Objects */,
				A907D0331F1425F60069B7E7 /* View Controllers */,
				A907D00A1F1422D10069B7E7 /* Assets.xcassets */,
				A907D00C1F1422D10069B7E7 /* LaunchScreen.storyboard */,
				A907D00F1F1422D10069B7E7 /* Info.plist */,
			);
			path = OddJobs;
			sourceTree = "<group>";
		};
		A907D0171F1422D10069B7E7 /* OddJobsTests */ = {
			isa = PBXGroup;
			children = (
				A907D0181F1422D10069B7E7 /* OddJobsTests.swift */,
				A907D01A1F1422D10069B7E7 /* Info.plist */,
			);
			path = OddJobsTests;
			sourceTree = "<group>";
		};
		A907D0221F1422D10069B7E7 /* OddJobsUITests */ = {
			isa = PBXGroup;
			children = (
				A907D0231F1422D10069B7E7 /* OddJobsUITests.swift */,
				A907D0251F1422D10069B7E7 /* Info.plist */,
			);
			path = OddJobsUITests;
			sourceTree = "<group>";
		};
		A907D0331F1425F60069B7E7 /* View Controllers */ = {
			isa = PBXGroup;
			children = (
				A907D0311F1425C60069B7E7 /* LoginViewController.swift */,
				A92EB4881F159EEA00EB77E8 /* ProfileViewController.swift */,
				A92EB48C1F159F0000EB77E8 /* HomeFeedViewController.swift */,
				8628C3931F226A3F007BE519 /* CustomSearchBar.swift */,
				8628C3951F227D26007BE519 /* CustomSearchController.swift */,
				984C684C1F16AC5A00FB4AE4 /* TagsTableViewController.swift */,
				98AC28351F181121000CD55E /* GMSAutocompleteResultsViewController.swift */,
				A98D258B1F1D438100C4A9C2 /* MapsViewController.swift */,
				A92EB48A1F159EF400EB77E8 /* PostViewController.swift */,
				982965461F1D2DB900C18FA8 /* NearbyWorkersViewController.swift */,
				985E766E1F1D46EC00F87E2B /* EditProfileViewController.swift */,
				86C8F90A1F1D571F00228818 /* DetailViewController.swift */,
				985E76701F1ECC7100F87E2B /* NotificationsViewController.swift */,
				A9545C2E1F2017EC0064E61D /* SignUpViewController.swift */,
			);
			name = "View Controllers";
			sourceTree = "<group>";
		};
		A92EB4901F159F3A00EB77E8 /* Objects */ = {
			isa = PBXGroup;
			children = (
				A92EB4911F159F4900EB77E8 /* Job.swift */,
			);
			name = Objects;
			sourceTree = "<group>";
		};
		A9B3E46D1F16DBB500FBD21E /* Views */ = {
			isa = PBXGroup;
			children = (
				984C684E1F16ACEB00FB4AE4 /* TagTableViewCell.swift */,
				A972FBEE1F1693B600446EAC /* HomeFeedTableViewCell.swift */,
				86C8F9101F1FF43C00228818 /* TagsRowTableViewCell.swift */,
				86C8F9121F1FF50C00228818 /* TagsCollectionViewCell.swift */,
				982965481F1D308C00C18FA8 /* WorkersTableViewCell.swift */,
				86947B8E1F169F4100BD708F /* TopTableViewCell.swift */,
				86947B901F169F6F00BD708F /* UserJobsTableViewCell.swift */,
				985E76721F1EDCA800F87E2B /* NotificationCell.swift */,
				985E76741F1FDA8A00F87E2B /* PendingJobsCell.swift */,
			);
			name = Views;
			sourceTree = "<group>";
		};
/* End PBXGroup section */

/* Begin PBXNativeTarget section */
		A907CFFF1F1422D10069B7E7 /* OddJobs */ = {
			isa = PBXNativeTarget;
			buildConfigurationList = A907D0281F1422D10069B7E7 /* Build configuration list for PBXNativeTarget "OddJobs" */;
			buildPhases = (
				5A250A4B56AD227DCA848648 /* [CP] Check Pods Manifest.lock */,
				A907CFFC1F1422D10069B7E7 /* Sources */,
				A907CFFD1F1422D10069B7E7 /* Frameworks */,
				A907CFFE1F1422D10069B7E7 /* Resources */,
				BC3ECF45203CD34DC892D26C /* [CP] Embed Pods Frameworks */,
				BFA31D55FE9347DE943BF744 /* [CP] Copy Pods Resources */,
			);
			buildRules = (
			);
			dependencies = (
			);
			name = OddJobs;
			productName = OddJobs;
			productReference = A907D0001F1422D10069B7E7 /* OddJobs.app */;
			productType = "com.apple.product-type.application";
		};
		A907D0131F1422D10069B7E7 /* OddJobsTests */ = {
			isa = PBXNativeTarget;
			buildConfigurationList = A907D02B1F1422D10069B7E7 /* Build configuration list for PBXNativeTarget "OddJobsTests" */;
			buildPhases = (
				DCE8C86A6510EF2A7CD2F712 /* [CP] Check Pods Manifest.lock */,
				A907D0101F1422D10069B7E7 /* Sources */,
				A907D0111F1422D10069B7E7 /* Frameworks */,
				A907D0121F1422D10069B7E7 /* Resources */,
				1B34F85FAD7990FC065554C8 /* [CP] Embed Pods Frameworks */,
				1DBBEED21F268ACD3B1D510F /* [CP] Copy Pods Resources */,
			);
			buildRules = (
			);
			dependencies = (
				A907D0161F1422D10069B7E7 /* PBXTargetDependency */,
			);
			name = OddJobsTests;
			productName = OddJobsTests;
			productReference = A907D0141F1422D10069B7E7 /* OddJobsTests.xctest */;
			productType = "com.apple.product-type.bundle.unit-test";
		};
		A907D01E1F1422D10069B7E7 /* OddJobsUITests */ = {
			isa = PBXNativeTarget;
			buildConfigurationList = A907D02E1F1422D10069B7E7 /* Build configuration list for PBXNativeTarget "OddJobsUITests" */;
			buildPhases = (
				884509A9E6D2E78355680E62 /* [CP] Check Pods Manifest.lock */,
				A907D01B1F1422D10069B7E7 /* Sources */,
				A907D01C1F1422D10069B7E7 /* Frameworks */,
				A907D01D1F1422D10069B7E7 /* Resources */,
				E02F0459DD517D600A5A0A75 /* [CP] Embed Pods Frameworks */,
				61F41F0AD86BD6AE5263E48B /* [CP] Copy Pods Resources */,
			);
			buildRules = (
			);
			dependencies = (
				A907D0211F1422D10069B7E7 /* PBXTargetDependency */,
			);
			name = OddJobsUITests;
			productName = OddJobsUITests;
			productReference = A907D01F1F1422D10069B7E7 /* OddJobsUITests.xctest */;
			productType = "com.apple.product-type.bundle.ui-testing";
		};
/* End PBXNativeTarget section */

/* Begin PBXProject section */
		A907CFF81F1422D10069B7E7 /* Project object */ = {
			isa = PBXProject;
			attributes = {
				LastSwiftUpdateCheck = 0830;
				LastUpgradeCheck = 0830;
				ORGANIZATIONNAME = "Nicolas Rodriguez";
				TargetAttributes = {
					A907CFFF1F1422D10069B7E7 = {
						CreatedOnToolsVersion = 8.3.2;
						DevelopmentTeam = WZAU94F9TS;
						ProvisioningStyle = Automatic;
					};
					A907D0131F1422D10069B7E7 = {
						CreatedOnToolsVersion = 8.3.2;
						ProvisioningStyle = Automatic;
						TestTargetID = A907CFFF1F1422D10069B7E7;
					};
					A907D01E1F1422D10069B7E7 = {
						CreatedOnToolsVersion = 8.3.2;
						ProvisioningStyle = Automatic;
						TestTargetID = A907CFFF1F1422D10069B7E7;
					};
				};
			};
			buildConfigurationList = A907CFFB1F1422D10069B7E7 /* Build configuration list for PBXProject "OddJobs" */;
			compatibilityVersion = "Xcode 3.2";
			developmentRegion = English;
			hasScannedForEncodings = 0;
			knownRegions = (
				en,
				Base,
			);
			mainGroup = A907CFF71F1422D10069B7E7;
			productRefGroup = A907D0011F1422D10069B7E7 /* Products */;
			projectDirPath = "";
			projectRoot = "";
			targets = (
				A907CFFF1F1422D10069B7E7 /* OddJobs */,
				A907D0131F1422D10069B7E7 /* OddJobsTests */,
				A907D01E1F1422D10069B7E7 /* OddJobsUITests */,
			);
		};
/* End PBXProject section */

/* Begin PBXResourcesBuildPhase section */
		A907CFFE1F1422D10069B7E7 /* Resources */ = {
			isa = PBXResourcesBuildPhase;
			buildActionMask = 2147483647;
			files = (
				A907D00E1F1422D10069B7E7 /* LaunchScreen.storyboard in Resources */,
				A907D00B1F1422D10069B7E7 /* Assets.xcassets in Resources */,
				A907D0091F1422D10069B7E7 /* Main.storyboard in Resources */,
			);
			runOnlyForDeploymentPostprocessing = 0;
		};
		A907D0121F1422D10069B7E7 /* Resources */ = {
			isa = PBXResourcesBuildPhase;
			buildActionMask = 2147483647;
			files = (
			);
			runOnlyForDeploymentPostprocessing = 0;
		};
		A907D01D1F1422D10069B7E7 /* Resources */ = {
			isa = PBXResourcesBuildPhase;
			buildActionMask = 2147483647;
			files = (
			);
			runOnlyForDeploymentPostprocessing = 0;
		};
/* End PBXResourcesBuildPhase section */

/* Begin PBXShellScriptBuildPhase section */
		1B34F85FAD7990FC065554C8 /* [CP] Embed Pods Frameworks */ = {
			isa = PBXShellScriptBuildPhase;
			buildActionMask = 2147483647;
			files = (
			);
			inputPaths = (
			);
			name = "[CP] Embed Pods Frameworks";
			outputPaths = (
			);
			runOnlyForDeploymentPostprocessing = 0;
			shellPath = /bin/sh;
			shellScript = "\"${SRCROOT}/Pods/Target Support Files/Pods-OddJobsTests/Pods-OddJobsTests-frameworks.sh\"\n";
			showEnvVarsInLog = 0;
		};
		1DBBEED21F268ACD3B1D510F /* [CP] Copy Pods Resources */ = {
			isa = PBXShellScriptBuildPhase;
			buildActionMask = 2147483647;
			files = (
			);
			inputPaths = (
			);
			name = "[CP] Copy Pods Resources";
			outputPaths = (
			);
			runOnlyForDeploymentPostprocessing = 0;
			shellPath = /bin/sh;
			shellScript = "\"${SRCROOT}/Pods/Target Support Files/Pods-OddJobsTests/Pods-OddJobsTests-resources.sh\"\n";
			showEnvVarsInLog = 0;
		};
		5A250A4B56AD227DCA848648 /* [CP] Check Pods Manifest.lock */ = {
			isa = PBXShellScriptBuildPhase;
			buildActionMask = 2147483647;
			files = (
			);
			inputPaths = (
			);
			name = "[CP] Check Pods Manifest.lock";
			outputPaths = (
			);
			runOnlyForDeploymentPostprocessing = 0;
			shellPath = /bin/sh;
			shellScript = "diff \"${PODS_PODFILE_DIR_PATH}/Podfile.lock\" \"${PODS_ROOT}/Manifest.lock\" > /dev/null\nif [ $? != 0 ] ; then\n    # print error to STDERR\n    echo \"error: The sandbox is not in sync with the Podfile.lock. Run 'pod install' or update your CocoaPods installation.\" >&2\n    exit 1\nfi\n";
			showEnvVarsInLog = 0;
		};
		61F41F0AD86BD6AE5263E48B /* [CP] Copy Pods Resources */ = {
			isa = PBXShellScriptBuildPhase;
			buildActionMask = 2147483647;
			files = (
			);
			inputPaths = (
			);
			name = "[CP] Copy Pods Resources";
			outputPaths = (
			);
			runOnlyForDeploymentPostprocessing = 0;
			shellPath = /bin/sh;
			shellScript = "\"${SRCROOT}/Pods/Target Support Files/Pods-OddJobsUITests/Pods-OddJobsUITests-resources.sh\"\n";
			showEnvVarsInLog = 0;
		};
		884509A9E6D2E78355680E62 /* [CP] Check Pods Manifest.lock */ = {
			isa = PBXShellScriptBuildPhase;
			buildActionMask = 2147483647;
			files = (
			);
			inputPaths = (
			);
			name = "[CP] Check Pods Manifest.lock";
			outputPaths = (
			);
			runOnlyForDeploymentPostprocessing = 0;
			shellPath = /bin/sh;
			shellScript = "diff \"${PODS_PODFILE_DIR_PATH}/Podfile.lock\" \"${PODS_ROOT}/Manifest.lock\" > /dev/null\nif [ $? != 0 ] ; then\n    # print error to STDERR\n    echo \"error: The sandbox is not in sync with the Podfile.lock. Run 'pod install' or update your CocoaPods installation.\" >&2\n    exit 1\nfi\n";
			showEnvVarsInLog = 0;
		};
		BC3ECF45203CD34DC892D26C /* [CP] Embed Pods Frameworks */ = {
			isa = PBXShellScriptBuildPhase;
			buildActionMask = 2147483647;
			files = (
			);
			inputPaths = (
			);
			name = "[CP] Embed Pods Frameworks";
			outputPaths = (
			);
			runOnlyForDeploymentPostprocessing = 0;
			shellPath = /bin/sh;
			shellScript = "\"${SRCROOT}/Pods/Target Support Files/Pods-OddJobs/Pods-OddJobs-frameworks.sh\"\n";
			showEnvVarsInLog = 0;
		};
		BFA31D55FE9347DE943BF744 /* [CP] Copy Pods Resources */ = {
			isa = PBXShellScriptBuildPhase;
			buildActionMask = 2147483647;
			files = (
			);
			inputPaths = (
			);
			name = "[CP] Copy Pods Resources";
			outputPaths = (
			);
			runOnlyForDeploymentPostprocessing = 0;
			shellPath = /bin/sh;
			shellScript = "\"${SRCROOT}/Pods/Target Support Files/Pods-OddJobs/Pods-OddJobs-resources.sh\"\n";
			showEnvVarsInLog = 0;
		};
		DCE8C86A6510EF2A7CD2F712 /* [CP] Check Pods Manifest.lock */ = {
			isa = PBXShellScriptBuildPhase;
			buildActionMask = 2147483647;
			files = (
			);
			inputPaths = (
			);
			name = "[CP] Check Pods Manifest.lock";
			outputPaths = (
			);
			runOnlyForDeploymentPostprocessing = 0;
			shellPath = /bin/sh;
			shellScript = "diff \"${PODS_PODFILE_DIR_PATH}/Podfile.lock\" \"${PODS_ROOT}/Manifest.lock\" > /dev/null\nif [ $? != 0 ] ; then\n    # print error to STDERR\n    echo \"error: The sandbox is not in sync with the Podfile.lock. Run 'pod install' or update your CocoaPods installation.\" >&2\n    exit 1\nfi\n";
			showEnvVarsInLog = 0;
		};
		E02F0459DD517D600A5A0A75 /* [CP] Embed Pods Frameworks */ = {
			isa = PBXShellScriptBuildPhase;
			buildActionMask = 2147483647;
			files = (
			);
			inputPaths = (
			);
			name = "[CP] Embed Pods Frameworks";
			outputPaths = (
			);
			runOnlyForDeploymentPostprocessing = 0;
			shellPath = /bin/sh;
			shellScript = "\"${SRCROOT}/Pods/Target Support Files/Pods-OddJobsUITests/Pods-OddJobsUITests-frameworks.sh\"\n";
			showEnvVarsInLog = 0;
		};
/* End PBXShellScriptBuildPhase section */

/* Begin PBXSourcesBuildPhase section */
		A907CFFC1F1422D10069B7E7 /* Sources */ = {
			isa = PBXSourcesBuildPhase;
			buildActionMask = 2147483647;
			files = (
				985E766F1F1D46EC00F87E2B /* EditProfileViewController.swift in Sources */,
				86C8F90B1F1D571F00228818 /* DetailViewController.swift in Sources */,
				984C684F1F16ACEB00FB4AE4 /* TagTableViewCell.swift in Sources */,
				A92EB48B1F159EF400EB77E8 /* PostViewController.swift in Sources */,
				982965491F1D308C00C18FA8 /* WorkersTableViewCell.swift in Sources */,
				8628C3961F227D26007BE519 /* CustomSearchController.swift in Sources */,
				86C8F9131F1FF50C00228818 /* TagsCollectionViewCell.swift in Sources */,
				A92EB4891F159EEA00EB77E8 /* ProfileViewController.swift in Sources */,
				A972FBEF1F1693B600446EAC /* HomeFeedTableViewCell.swift in Sources */,
				985E76731F1EDCA800F87E2B /* NotificationCell.swift in Sources */,
				982965471F1D2DB900C18FA8 /* NearbyWorkersViewController.swift in Sources */,
				A907D0321F1425C60069B7E7 /* LoginViewController.swift in Sources */,
				985E76711F1ECC7100F87E2B /* NotificationsViewController.swift in Sources */,
				A907D0041F1422D10069B7E7 /* AppDelegate.swift in Sources */,
				984C684D1F16AC5A00FB4AE4 /* TagsTableViewController.swift in Sources */,
				8628C3941F226A3F007BE519 /* CustomSearchBar.swift in Sources */,
				A92EB4921F159F4900EB77E8 /* Job.swift in Sources */,
				A98D258C1F1D438100C4A9C2 /* MapsViewController.swift in Sources */,
				86C8F9111F1FF43C00228818 /* TagsRowTableViewCell.swift in Sources */,
				A9545C2F1F2017EC0064E61D /* SignUpViewController.swift in Sources */,
				98AC28361F181121000CD55E /* GMSAutocompleteResultsViewController.swift in Sources */,
				A92EB48D1F159F0000EB77E8 /* HomeFeedViewController.swift in Sources */,
				86947B911F169F6F00BD708F /* UserJobsTableViewCell.swift in Sources */,
				86947B8F1F169F4100BD708F /* TopTableViewCell.swift in Sources */,
				985E76751F1FDA8A00F87E2B /* PendingJobsCell.swift in Sources */,
			);
			runOnlyForDeploymentPostprocessing = 0;
		};
		A907D0101F1422D10069B7E7 /* Sources */ = {
			isa = PBXSourcesBuildPhase;
			buildActionMask = 2147483647;
			files = (
				A907D0191F1422D10069B7E7 /* OddJobsTests.swift in Sources */,
			);
			runOnlyForDeploymentPostprocessing = 0;
		};
		A907D01B1F1422D10069B7E7 /* Sources */ = {
			isa = PBXSourcesBuildPhase;
			buildActionMask = 2147483647;
			files = (
				A907D0241F1422D10069B7E7 /* OddJobsUITests.swift in Sources */,
			);
			runOnlyForDeploymentPostprocessing = 0;
		};
/* End PBXSourcesBuildPhase section */

/* Begin PBXTargetDependency section */
		A907D0161F1422D10069B7E7 /* PBXTargetDependency */ = {
			isa = PBXTargetDependency;
			target = A907CFFF1F1422D10069B7E7 /* OddJobs */;
			targetProxy = A907D0151F1422D10069B7E7 /* PBXContainerItemProxy */;
		};
		A907D0211F1422D10069B7E7 /* PBXTargetDependency */ = {
			isa = PBXTargetDependency;
			target = A907CFFF1F1422D10069B7E7 /* OddJobs */;
			targetProxy = A907D0201F1422D10069B7E7 /* PBXContainerItemProxy */;
		};
/* End PBXTargetDependency section */

/* Begin PBXVariantGroup section */
		A907D0071F1422D10069B7E7 /* Main.storyboard */ = {
			isa = PBXVariantGroup;
			children = (
				A907D0081F1422D10069B7E7 /* Base */,
			);
			name = Main.storyboard;
			path = OddJobs;
			sourceTree = "<group>";
		};
		A907D00C1F1422D10069B7E7 /* LaunchScreen.storyboard */ = {
			isa = PBXVariantGroup;
			children = (
				A907D00D1F1422D10069B7E7 /* Base */,
			);
			name = LaunchScreen.storyboard;
			sourceTree = "<group>";
		};
/* End PBXVariantGroup section */

/* Begin XCBuildConfiguration section */
		A907D0261F1422D10069B7E7 /* Debug */ = {
			isa = XCBuildConfiguration;
			buildSettings = {
				ALWAYS_SEARCH_USER_PATHS = NO;
				CLANG_ANALYZER_NONNULL = YES;
				CLANG_ANALYZER_NUMBER_OBJECT_CONVERSION = YES_AGGRESSIVE;
				CLANG_CXX_LANGUAGE_STANDARD = "gnu++0x";
				CLANG_CXX_LIBRARY = "libc++";
				CLANG_ENABLE_MODULES = YES;
				CLANG_ENABLE_OBJC_ARC = YES;
				CLANG_WARN_BOOL_CONVERSION = YES;
				CLANG_WARN_CONSTANT_CONVERSION = YES;
				CLANG_WARN_DIRECT_OBJC_ISA_USAGE = YES_ERROR;
				CLANG_WARN_DOCUMENTATION_COMMENTS = YES;
				CLANG_WARN_EMPTY_BODY = YES;
				CLANG_WARN_ENUM_CONVERSION = YES;
				CLANG_WARN_INFINITE_RECURSION = YES;
				CLANG_WARN_INT_CONVERSION = YES;
				CLANG_WARN_OBJC_ROOT_CLASS = YES_ERROR;
				CLANG_WARN_SUSPICIOUS_MOVE = YES;
				CLANG_WARN_UNREACHABLE_CODE = YES;
				CLANG_WARN__DUPLICATE_METHOD_MATCH = YES;
				"CODE_SIGN_IDENTITY[sdk=iphoneos*]" = "iPhone Developer";
				COPY_PHASE_STRIP = NO;
				DEBUG_INFORMATION_FORMAT = dwarf;
				ENABLE_STRICT_OBJC_MSGSEND = YES;
				ENABLE_TESTABILITY = YES;
				GCC_C_LANGUAGE_STANDARD = gnu99;
				GCC_DYNAMIC_NO_PIC = NO;
				GCC_NO_COMMON_BLOCKS = YES;
				GCC_OPTIMIZATION_LEVEL = 0;
				GCC_PREPROCESSOR_DEFINITIONS = (
					"DEBUG=1",
					"$(inherited)",
				);
				GCC_WARN_64_TO_32_BIT_CONVERSION = YES;
				GCC_WARN_ABOUT_RETURN_TYPE = YES_ERROR;
				GCC_WARN_UNDECLARED_SELECTOR = YES;
				GCC_WARN_UNINITIALIZED_AUTOS = YES_AGGRESSIVE;
				GCC_WARN_UNUSED_FUNCTION = YES;
				GCC_WARN_UNUSED_VARIABLE = YES;
				IPHONEOS_DEPLOYMENT_TARGET = 10.3;
				MTL_ENABLE_DEBUG_INFO = YES;
				ONLY_ACTIVE_ARCH = YES;
				SDKROOT = iphoneos;
				SWIFT_ACTIVE_COMPILATION_CONDITIONS = DEBUG;
				SWIFT_OPTIMIZATION_LEVEL = "-Onone";
			};
			name = Debug;
		};
		A907D0271F1422D10069B7E7 /* Release */ = {
			isa = XCBuildConfiguration;
			buildSettings = {
				ALWAYS_SEARCH_USER_PATHS = NO;
				CLANG_ANALYZER_NONNULL = YES;
				CLANG_ANALYZER_NUMBER_OBJECT_CONVERSION = YES_AGGRESSIVE;
				CLANG_CXX_LANGUAGE_STANDARD = "gnu++0x";
				CLANG_CXX_LIBRARY = "libc++";
				CLANG_ENABLE_MODULES = YES;
				CLANG_ENABLE_OBJC_ARC = YES;
				CLANG_WARN_BOOL_CONVERSION = YES;
				CLANG_WARN_CONSTANT_CONVERSION = YES;
				CLANG_WARN_DIRECT_OBJC_ISA_USAGE = YES_ERROR;
				CLANG_WARN_DOCUMENTATION_COMMENTS = YES;
				CLANG_WARN_EMPTY_BODY = YES;
				CLANG_WARN_ENUM_CONVERSION = YES;
				CLANG_WARN_INFINITE_RECURSION = YES;
				CLANG_WARN_INT_CONVERSION = YES;
				CLANG_WARN_OBJC_ROOT_CLASS = YES_ERROR;
				CLANG_WARN_SUSPICIOUS_MOVE = YES;
				CLANG_WARN_UNREACHABLE_CODE = YES;
				CLANG_WARN__DUPLICATE_METHOD_MATCH = YES;
				"CODE_SIGN_IDENTITY[sdk=iphoneos*]" = "iPhone Developer";
				COPY_PHASE_STRIP = NO;
				DEBUG_INFORMATION_FORMAT = "dwarf-with-dsym";
				ENABLE_NS_ASSERTIONS = NO;
				ENABLE_STRICT_OBJC_MSGSEND = YES;
				GCC_C_LANGUAGE_STANDARD = gnu99;
				GCC_NO_COMMON_BLOCKS = YES;
				GCC_WARN_64_TO_32_BIT_CONVERSION = YES;
				GCC_WARN_ABOUT_RETURN_TYPE = YES_ERROR;
				GCC_WARN_UNDECLARED_SELECTOR = YES;
				GCC_WARN_UNINITIALIZED_AUTOS = YES_AGGRESSIVE;
				GCC_WARN_UNUSED_FUNCTION = YES;
				GCC_WARN_UNUSED_VARIABLE = YES;
				IPHONEOS_DEPLOYMENT_TARGET = 10.3;
				MTL_ENABLE_DEBUG_INFO = NO;
				SDKROOT = iphoneos;
				SWIFT_OPTIMIZATION_LEVEL = "-Owholemodule";
				VALIDATE_PRODUCT = YES;
			};
			name = Release;
		};
		A907D0291F1422D10069B7E7 /* Debug */ = {
			isa = XCBuildConfiguration;
			baseConfigurationReference = 9E03042526A246236E533EAF /* Pods-OddJobs.debug.xcconfig */;
			buildSettings = {
				ASSETCATALOG_COMPILER_APPICON_NAME = AppIcon;
				DEVELOPMENT_TEAM = WZAU94F9TS;
				INFOPLIST_FILE = OddJobs/Info.plist;
				LD_RUNPATH_SEARCH_PATHS = "$(inherited) @executable_path/Frameworks";
				PRODUCT_BUNDLE_IDENTIFIER = com.m3lsHyrule.OddJobs;
				PRODUCT_NAME = "$(TARGET_NAME)";
				SWIFT_VERSION = 3.0;
			};
			name = Debug;
		};
		A907D02A1F1422D10069B7E7 /* Release */ = {
			isa = XCBuildConfiguration;
			baseConfigurationReference = 549566E4FE79AC2C03C02330 /* Pods-OddJobs.release.xcconfig */;
			buildSettings = {
				ASSETCATALOG_COMPILER_APPICON_NAME = AppIcon;
				DEVELOPMENT_TEAM = WZAU94F9TS;
				INFOPLIST_FILE = OddJobs/Info.plist;
				LD_RUNPATH_SEARCH_PATHS = "$(inherited) @executable_path/Frameworks";
				PRODUCT_BUNDLE_IDENTIFIER = com.m3lsHyrule.OddJobs;
				PRODUCT_NAME = "$(TARGET_NAME)";
				SWIFT_VERSION = 3.0;
			};
			name = Release;
		};
		A907D02C1F1422D10069B7E7 /* Debug */ = {
			isa = XCBuildConfiguration;
			baseConfigurationReference = 1649AE21358B760863E7A315 /* Pods-OddJobsTests.debug.xcconfig */;
			buildSettings = {
				ALWAYS_EMBED_SWIFT_STANDARD_LIBRARIES = YES;
				BUNDLE_LOADER = "$(TEST_HOST)";
				INFOPLIST_FILE = OddJobsTests/Info.plist;
				LD_RUNPATH_SEARCH_PATHS = "$(inherited) @executable_path/Frameworks @loader_path/Frameworks";
				PRODUCT_BUNDLE_IDENTIFIER = com.FBU.OddJobsTests;
				PRODUCT_NAME = "$(TARGET_NAME)";
				SWIFT_VERSION = 3.0;
				TEST_HOST = "$(BUILT_PRODUCTS_DIR)/OddJobs.app/OddJobs";
			};
			name = Debug;
		};
		A907D02D1F1422D10069B7E7 /* Release */ = {
			isa = XCBuildConfiguration;
			baseConfigurationReference = 709DDE1AF86938BC25A2FAC9 /* Pods-OddJobsTests.release.xcconfig */;
			buildSettings = {
				ALWAYS_EMBED_SWIFT_STANDARD_LIBRARIES = YES;
				BUNDLE_LOADER = "$(TEST_HOST)";
				INFOPLIST_FILE = OddJobsTests/Info.plist;
				LD_RUNPATH_SEARCH_PATHS = "$(inherited) @executable_path/Frameworks @loader_path/Frameworks";
				PRODUCT_BUNDLE_IDENTIFIER = com.FBU.OddJobsTests;
				PRODUCT_NAME = "$(TARGET_NAME)";
				SWIFT_VERSION = 3.0;
				TEST_HOST = "$(BUILT_PRODUCTS_DIR)/OddJobs.app/OddJobs";
			};
			name = Release;
		};
		A907D02F1F1422D10069B7E7 /* Debug */ = {
			isa = XCBuildConfiguration;
			baseConfigurationReference = 92D75CC1075FA661748BD749 /* Pods-OddJobsUITests.debug.xcconfig */;
			buildSettings = {
				ALWAYS_EMBED_SWIFT_STANDARD_LIBRARIES = YES;
				INFOPLIST_FILE = OddJobsUITests/Info.plist;
				LD_RUNPATH_SEARCH_PATHS = "$(inherited) @executable_path/Frameworks @loader_path/Frameworks";
				PRODUCT_BUNDLE_IDENTIFIER = com.FBU.OddJobsUITests;
				PRODUCT_NAME = "$(TARGET_NAME)";
				SWIFT_VERSION = 3.0;
				TEST_TARGET_NAME = OddJobs;
			};
			name = Debug;
		};
		A907D0301F1422D10069B7E7 /* Release */ = {
			isa = XCBuildConfiguration;
			baseConfigurationReference = AB942B23DE191E8065E74075 /* Pods-OddJobsUITests.release.xcconfig */;
			buildSettings = {
				ALWAYS_EMBED_SWIFT_STANDARD_LIBRARIES = YES;
				INFOPLIST_FILE = OddJobsUITests/Info.plist;
				LD_RUNPATH_SEARCH_PATHS = "$(inherited) @executable_path/Frameworks @loader_path/Frameworks";
				PRODUCT_BUNDLE_IDENTIFIER = com.FBU.OddJobsUITests;
				PRODUCT_NAME = "$(TARGET_NAME)";
				SWIFT_VERSION = 3.0;
				TEST_TARGET_NAME = OddJobs;
			};
			name = Release;
		};
/* End XCBuildConfiguration section */

/* Begin XCConfigurationList section */
		A907CFFB1F1422D10069B7E7 /* Build configuration list for PBXProject "OddJobs" */ = {
			isa = XCConfigurationList;
			buildConfigurations = (
				A907D0261F1422D10069B7E7 /* Debug */,
				A907D0271F1422D10069B7E7 /* Release */,
			);
			defaultConfigurationIsVisible = 0;
			defaultConfigurationName = Release;
		};
		A907D0281F1422D10069B7E7 /* Build configuration list for PBXNativeTarget "OddJobs" */ = {
			isa = XCConfigurationList;
			buildConfigurations = (
				A907D0291F1422D10069B7E7 /* Debug */,
				A907D02A1F1422D10069B7E7 /* Release */,
			);
			defaultConfigurationIsVisible = 0;
			defaultConfigurationName = Release;
		};
		A907D02B1F1422D10069B7E7 /* Build configuration list for PBXNativeTarget "OddJobsTests" */ = {
			isa = XCConfigurationList;
			buildConfigurations = (
				A907D02C1F1422D10069B7E7 /* Debug */,
				A907D02D1F1422D10069B7E7 /* Release */,
			);
			defaultConfigurationIsVisible = 0;
			defaultConfigurationName = Release;
		};
		A907D02E1F1422D10069B7E7 /* Build configuration list for PBXNativeTarget "OddJobsUITests" */ = {
			isa = XCConfigurationList;
			buildConfigurations = (
				A907D02F1F1422D10069B7E7 /* Debug */,
				A907D0301F1422D10069B7E7 /* Release */,
			);
			defaultConfigurationIsVisible = 0;
			defaultConfigurationName = Release;
		};
/* End XCConfigurationList section */
	};
	rootObject = A907CFF81F1422D10069B7E7 /* Project object */;
}
